Microsoft Visual Studio Solution File, Format Version 12.00
# Visual Studio Version 18
VisualStudioVersion = 18.6.11819.183 stable
MinimumVisualStudioVersion = 10.0.40219.1
Project("{FAE04EC0-301F-11D3-BF4B-00C04F79EFBC}") = "Wyklad2", "Wyklad2\Wyklad2.csproj", "{2F97BEF4-0119-9444-0567-E6880294E4A8}"
EndProject
Project("{FAE04EC0-301F-11D3-BF4B-00C04F79EFBC}") = "Wyklad3", "Wyklad3\Wyklad3.csproj", "{F49AC0D7-4404-721B-BCD1-8C34FA5AE0F7}"
EndProject
Project("{FAE04EC0-301F-11D3-BF4B-00C04F79EFBC}") = "Wyklad4", "Wyklad4\Wyklad4.csproj", "{B990E2BD-8C5F-4D1E-93F6-A8CE55DDDEA4}"
EndProject
Global
	GlobalSection(SolutionConfigurationPlatforms) = preSolution
		Debug|Any CPU = Debug|Any CPU
		Release|Any CPU = Release|Any CPU
	EndGlobalSection
	GlobalSection(ProjectConfigurationPlatforms) = postSolution
		{2F97BEF4-0119-9444-0567-E6880294E4A8}.Debug|Any CPU.ActiveCfg = Debug|Any CPU
		{2F97BEF4-0119-9444-0567-E6880294E4A8}.Debug|Any CPU.Build.0 = Debug|Any CPU
		{2F97BEF4-0119-9444-0567-E6880294E4A8}.Release|Any CPU.ActiveCfg = Release|Any CPU
		{2F97BEF4-0119-9444-0567-E6880294E4A8}.Release|Any CPU.Build.0 = Release|Any CPU
		{F49AC0D7-4404-721B-BCD1-8C34FA5AE0F7}.Debug|Any CPU.ActiveCfg = Debug|Any CPU
		{F49AC0D7-4404-721B-BCD1-8C34FA5AE0F7}.Debug|Any CPU.Build.0 = Debug|Any CPU
		{F49AC0D7-4404-721B-BCD1-8C34FA5AE0F7}.Release|Any CPU.ActiveCfg = Release|Any CPU
		{F49AC0D7-4404-721B-BCD1-8C34FA5AE0F7}.Release|Any CPU.Build.0 = Release|Any CPU
		{B990E2BD-8C5F-4D1E-93F6-A8CE55DDDEA4}.Debug|Any CPU.ActiveCfg = Debug|Any CPU
		{B990E2BD-8C5F-4D1E-93F6-A8CE55DDDEA4}.Debug|Any CPU.Build.0 = Debug|Any CPU
		{B990E2BD-8C5F-4D1E-93F6-A8CE55DDDEA4}.Release|Any CPU.ActiveCfg = Release|Any CPU
		{B990E2BD-8C5F-4D1E-93F6-A8CE55DDDEA4}.Release|Any CPU.Build.0 = Release|Any CPU
	EndGlobalSection
	GlobalSection(SolutionProperties) = preSolution
		HideSolutionNode = FALSE
	EndGlobalSection
	GlobalSection(ExtensibilityGlobals) = postSolution
		SolutionGuid = {AD8438A9-203F-4E0B-BB9C-BE48800FF19F}
	EndGlobalSection
EndGlobal
